
Microsoft Visual Studio Solution File, Format Version 12.00
# Visual Studio Version 17
VisualStudioVersion = 17.5.33103.201
MinimumVisualStudioVersion = 10.0.40219.1
Project("{FAE04EC0-301F-11D3-BF4B-00C04F79EFBC}") = "PriceUpdater.API", "src\PriceUpdater.API\PriceUpdater.API.csproj", "{5F31553A-3F7E-4D43-9B9B-4183115BBD59}"
EndProject
Project("{FAE04EC0-301F-11D3-BF4B-00C04F79EFBC}") = "PriceUpdater.Application", "src\PriceUpdater.Application\PriceUpdater.Application.csproj", "{319F72E4-9728-4BDC-A61F-A5E44DFA54FF}"
EndProject
Project("{FAE04EC0-301F-11D3-BF4B-00C04F79EFBC}") = "PriceUpdater.Domain", "src\PriceUpdater.Domain\PriceUpdater.Domain.csproj", "{9D7E5D3C-6FA5-4F38-9D2A-6C19379FF8C6}"
EndProject
Project("{FAE04EC0-301F-11D3-BF4B-00C04F79EFBC}") = "PriceUpdater.Infrastructure", "src\PriceUpdater.Infrastructure\PriceUpdater.Infrastructure.csproj", "{9B0B8E17-4DA5-4BC2-984F-0C5E106BA88F}"
EndProject
Project("{FAE04EC0-301F-11D3-BF4B-00C04F79EFBC}") = "PriceUpdater.UnitTests", "test\PriceUpdater.UnitTests\PriceUpdater.UnitTests.csproj", "{25F637A2-46F2-4FC2-8E40-437527F1FBE8}"
EndProject
Global
	GlobalSection(SolutionConfigurationPlatforms) = preSolution
		Debug|Any CPU = Debug|Any CPU
		Release|Any CPU = Release|Any CPU
	EndGlobalSection
	GlobalSection(ProjectConfigurationPlatforms) = postSolution
		{5F31553A-3F7E-4D43-9B9B-4183115BBD59}.Debug|Any CPU.ActiveCfg = Debug|Any CPU
		{5F31553A-3F7E-4D43-9B9B-4183115BBD59}.Debug|Any CPU.Build.0 = Debug|Any CPU
		{5F31553A-3F7E-4D43-9B9B-4183115BBD59}.Release|Any CPU.ActiveCfg = Release|Any CPU
		{5F31553A-3F7E-4D43-9B9B-4183115BBD59}.Release|Any CPU.Build.0 = Release|Any CPU
		{319F72E4-9728-4BDC-A61F-A5E44DFA54FF}.Debug|Any CPU.ActiveCfg = Debug|Any CPU
		{319F72E4-9728-4BDC-A61F-A5E44DFA54FF}.Debug|Any CPU.Build.0 = Debug|Any CPU
		{319F72E4-9728-4BDC-A61F-A5E44DFA54FF}.Release|Any CPU.ActiveCfg = Release|Any CPU
		{319F72E4-9728-4BDC-A61F-A5E44DFA54FF}.Release|Any CPU.Build.0 = Release|Any CPU
		{9D7E5D3C-6FA5-4F38-9D2A-6C19379FF8C6}.Debug|Any CPU.ActiveCfg = Debug|Any CPU
		{9D7E5D3C-6FA5-4F38-9D2A-6C19379FF8C6}.Debug|Any CPU.Build.0 = Debug|Any CPU
		{9D7E5D3C-6FA5-4F38-9D2A-6C19379FF8C6}.Release|Any CPU.ActiveCfg = Release|Any CPU
		{9D7E5D3C-6FA5-4F38-9D2A-6C19379FF8C6}.Release|Any CPU.Build.0 = Release|Any CPU
		{9B0B8E17-4DA5-4BC2-984F-0C5E106BA88F}.Debug|Any CPU.ActiveCfg = Debug|Any CPU
		{9B0B8E17-4DA5-4BC2-984F-0C5E106BA88F}.Debug|Any CPU.Build.0 = Debug|Any CPU
		{9B0B8E17-4DA5-4BC2-984F-0C5E106BA88F}.Release|Any CPU.ActiveCfg = Release|Any CPU
		{9B0B8E17-4DA5-4BC2-984F-0C5E106BA88F}.Release|Any CPU.Build.0 = Release|Any CPU
		{25F637A2-46F2-4FC2-8E40-437527F1FBE8}.Debug|Any CPU.ActiveCfg = Debug|Any CPU
		{25F637A2-46F2-4FC2-8E40-437527F1FBE8}.Debug|Any CPU.Build.0 = Debug|Any CPU
		{25F637A2-46F2-4FC2-8E40-437527F1FBE8}.Release|Any CPU.ActiveCfg = Release|Any CPU
		{25F637A2-46F2-4FC2-8E40-437527F1FBE8}.Release|Any CPU.Build.0 = Release|Any CPU
	EndGlobalSection
	GlobalSection(SolutionProperties) = preSolution
		HideSolutionNode = FALSE
	EndGlobalSection
	GlobalSection(NestedProjects) = preSolution
	EndGlobalSection
	GlobalSection(ExtensibilityGlobals) = postSolution
		SolutionGuid = {2A4AFB3E-963D-4F9F-B657-84E90770AC12}
	EndGlobalSection
EndGlobal


